
Microsoft Visual Studio Solution File, Format Version 12.00
# Visual Studio Version 16
VisualStudioVersion = 16.0.30413.136
MinimumVisualStudioVersion = 10.0.40219.1
Project("{FAE04EC0-301F-11D3-BF4B-00C04F79EFBC}") = "MvcMovieStore", "MvcMovieStore\MvcMovieStore.csproj", "{524EA4AB-B928-4E8A-8DEE-CF1F1F4D0E68}"
EndProject
Project("{FAE04EC0-301F-11D3-BF4B-00C04F79EFBC}") = "MvcMovieStore.Tests", "MvcMovieStore.Tests\MvcMovieStore.Tests.csproj", "{210F3412-793B-4018-9588-8ED9B171CFF3}"
EndProject
Project("{FAE04EC0-301F-11D3-BF4B-00C04F79EFBC}") = "MvcMovieStore.DataAccessLayer", "MvcMovieStore.DataAccessLayer\MvcMovieStore.DataAccessLayer.csproj", "{83995352-01EF-4681-B3D3-C7B099B18872}"
EndProject
Global
	GlobalSection(SolutionConfigurationPlatforms) = preSolution
		Debug|Any CPU = Debug|Any CPU
		Release|Any CPU = Release|Any CPU
	EndGlobalSection
	GlobalSection(ProjectConfigurationPlatforms) = postSolution
		{524EA4AB-B928-4E8A-8DEE-CF1F1F4D0E68}.Debug|Any CPU.ActiveCfg = Debug|Any CPU
		{524EA4AB-B928-4E8A-8DEE-CF1F1F4D0E68}.Debug|Any CPU.Build.0 = Debug|Any CPU
		{524EA4AB-B928-4E8A-8DEE-CF1F1F4D0E68}.Release|Any CPU.ActiveCfg = Release|Any CPU
		{524EA4AB-B928-4E8A-8DEE-CF1F1F4D0E68}.Release|Any CPU.Build.0 = Release|Any CPU
		{210F3412-793B-4018-9588-8ED9B171CFF3}.Debug|Any CPU.ActiveCfg = Debug|Any CPU
		{210F3412-793B-4018-9588-8ED9B171CFF3}.Debug|Any CPU.Build.0 = Debug|Any CPU
		{210F3412-793B-4018-9588-8ED9B171CFF3}.Release|Any CPU.ActiveCfg = Release|Any CPU
		{210F3412-793B-4018-9588-8ED9B171CFF3}.Release|Any CPU.Build.0 = Release|Any CPU
		{83995352-01EF-4681-B3D3-C7B099B18872}.Debug|Any CPU.ActiveCfg = Debug|Any CPU
		{83995352-01EF-4681-B3D3-C7B099B18872}.Debug|Any CPU.Build.0 = Debug|Any CPU
		{83995352-01EF-4681-B3D3-C7B099B18872}.Release|Any CPU.ActiveCfg = Release|Any CPU
		{83995352-01EF-4681-B3D3-C7B099B18872}.Release|Any CPU.Build.0 = Release|Any CPU
	EndGlobalSection
	GlobalSection(SolutionProperties) = preSolution
		HideSolutionNode = FALSE
	EndGlobalSection
	GlobalSection(ExtensibilityGlobals) = postSolution
		SolutionGuid = {1ACEE314-3C75-4995-A2CA-B52AA7952B15}
	EndGlobalSection
EndGlobal
